
Microsoft Visual Studio Solution File, Format Version 12.00
# Visual Studio Version 17
VisualStudioVersion = 17.14.36429.23
MinimumVisualStudioVersion = 10.0.40219.1
Project("{FAE04EC0-301F-11D3-BF4B-00C04F79EFBC}") = "CourseProject.DAL", "CourseProject.DAL\CourseProject.DAL.csproj", "{7C2C16AB-77C9-4590-91BB-711E381F0B74}"
EndProject
Project("{FAE04EC0-301F-11D3-BF4B-00C04F79EFBC}") = "CourseProject.BLL", "CourseProject.BLL\CourseProject.BLL.csproj", "{B482B321-B5E3-4E56-8926-8036E0E43E3E}"
EndProject
Project("{FAE04EC0-301F-11D3-BF4B-00C04F79EFBC}") = "CourseProject.Tests", "CourseProject.Tests\CourseProject.Tests.csproj", "{C83DD8C7-FC5D-4030-8296-6EAB05505C8C}"
EndProject
Project("{FAE04EC0-301F-11D3-BF4B-00C04F79EFBC}") = "CourseProject.PL", "CourseProject.PL\CourseProject.PL.csproj", "{58FC3B20-0B63-4B2C-823C-65EBB928E1A2}"
EndProject
Global
	GlobalSection(SolutionConfigurationPlatforms) = preSolution
		Debug|Any CPU = Debug|Any CPU
		Debug|x64 = Debug|x64
		Debug|x86 = Debug|x86
		Release|Any CPU = Release|Any CPU
		Release|x64 = Release|x64
		Release|x86 = Release|x86
	EndGlobalSection
	GlobalSection(ProjectConfigurationPlatforms) = postSolution
		{7C2C16AB-77C9-4590-91BB-711E381F0B74}.Debug|Any CPU.ActiveCfg = Debug|Any CPU
		{7C2C16AB-77C9-4590-91BB-711E381F0B74}.Debug|Any CPU.Build.0 = Debug|Any CPU
		{7C2C16AB-77C9-4590-91BB-711E381F0B74}.Debug|x64.ActiveCfg = Debug|Any CPU
		{7C2C16AB-77C9-4590-91BB-711E381F0B74}.Debug|x64.Build.0 = Debug|Any CPU
		{7C2C16AB-77C9-4590-91BB-711E381F0B74}.Debug|x86.ActiveCfg = Debug|Any CPU
		{7C2C16AB-77C9-4590-91BB-711E381F0B74}.Debug|x86.Build.0 = Debug|Any CPU
		{7C2C16AB-77C9-4590-91BB-711E381F0B74}.Release|Any CPU.ActiveCfg = Release|Any CPU
		{7C2C16AB-77C9-4590-91BB-711E381F0B74}.Release|Any CPU.Build.0 = Release|Any CPU
		{7C2C16AB-77C9-4590-91BB-711E381F0B74}.Release|x64.ActiveCfg = Release|Any CPU
		{7C2C16AB-77C9-4590-91BB-711E381F0B74}.Release|x64.Build.0 = Release|Any CPU
		{7C2C16AB-77C9-4590-91BB-711E381F0B74}.Release|x86.ActiveCfg = Release|Any CPU
		{7C2C16AB-77C9-4590-91BB-711E381F0B74}.Release|x86.Build.0 = Release|Any CPU
		{B482B321-B5E3-4E56-8926-8036E0E43E3E}.Debug|Any CPU.ActiveCfg = Debug|Any CPU
		{B482B321-B5E3-4E56-8926-8036E0E43E3E}.Debug|Any CPU.Build.0 = Debug|Any CPU
		{B482B321-B5E3-4E56-8926-8036E0E43E3E}.Debug|x64.ActiveCfg = Debug|Any CPU
		{B482B321-B5E3-4E56-8926-8036E0E43E3E}.Debug|x64.Build.0 = Debug|Any CPU
		{B482B321-B5E3-4E56-8926-8036E0E43E3E}.Debug|x86.ActiveCfg = Debug|Any CPU
		{B482B321-B5E3-4E56-8926-8036E0E43E3E}.Debug|x86.Build.0 = Debug|Any CPU
		{B482B321-B5E3-4E56-8926-8036E0E43E3E}.Release|Any CPU.ActiveCfg = Release|Any CPU
		{B482B321-B5E3-4E56-8926-8036E0E43E3E}.Release|Any CPU.Build.0 = Release|Any CPU
		{B482B321-B5E3-4E56-8926-8036E0E43E3E}.Release|x64.ActiveCfg = Release|Any CPU
		{B482B321-B5E3-4E56-8926-8036E0E43E3E}.Release|x64.Build.0 = Release|Any CPU
		{B482B321-B5E3-4E56-8926-8036E0E43E3E}.Release|x86.ActiveCfg = Release|Any CPU
		{B482B321-B5E3-4E56-8926-8036E0E43E3E}.Release|x86.Build.0 = Release|Any CPU
		{C83DD8C7-FC5D-4030-8296-6EAB05505C8C}.Debug|Any CPU.ActiveCfg = Debug|Any CPU
		{C83DD8C7-FC5D-4030-8296-6EAB05505C8C}.Debug|Any CPU.Build.0 = Debug|Any CPU
		{C83DD8C7-FC5D-4030-8296-6EAB05505C8C}.Debug|x64.ActiveCfg = Debug|Any CPU
		{C83DD8C7-FC5D-4030-8296-6EAB05505C8C}.Debug|x64.Build.0 = Debug|Any CPU
		{C83DD8C7-FC5D-4030-8296-6EAB05505C8C}.Debug|x86.ActiveCfg = Debug|Any CPU
		{C83DD8C7-FC5D-4030-8296-6EAB05505C8C}.Debug|x86.Build.0 = Debug|Any CPU
		{C83DD8C7-FC5D-4030-8296-6EAB05505C8C}.Release|Any CPU.ActiveCfg = Release|Any CPU
		{C83DD8C7-FC5D-4030-8296-6EAB05505C8C}.Release|Any CPU.Build.0 = Release|Any CPU
		{C83DD8C7-FC5D-4030-8296-6EAB05505C8C}.Release|x64.ActiveCfg = Release|Any CPU
		{C83DD8C7-FC5D-4030-8296-6EAB05505C8C}.Release|x64.Build.0 = Release|Any CPU
		{C83DD8C7-FC5D-4030-8296-6EAB05505C8C}.Release|x86.ActiveCfg = Release|Any CPU
		{C83DD8C7-FC5D-4030-8296-6EAB05505C8C}.Release|x86.Build.0 = Release|Any CPU
		{58FC3B20-0B63-4B2C-823C-65EBB928E1A2}.Debug|Any CPU.ActiveCfg = Debug|Any CPU
		{58FC3B20-0B63-4B2C-823C-65EBB928E1A2}.Debug|Any CPU.Build.0 = Debug|Any CPU
		{58FC3B20-0B63-4B2C-823C-65EBB928E1A2}.Debug|x64.ActiveCfg = Debug|Any CPU
		{58FC3B20-0B63-4B2C-823C-65EBB928E1A2}.Debug|x64.Build.0 = Debug|Any CPU
		{58FC3B20-0B63-4B2C-823C-65EBB928E1A2}.Debug|x86.ActiveCfg = Debug|Any CPU
		{58FC3B20-0B63-4B2C-823C-65EBB928E1A2}.Debug|x86.Build.0 = Debug|Any CPU
		{58FC3B20-0B63-4B2C-823C-65EBB928E1A2}.Release|Any CPU.ActiveCfg = Release|Any CPU
		{58FC3B20-0B63-4B2C-823C-65EBB928E1A2}.Release|Any CPU.Build.0 = Release|Any CPU
		{58FC3B20-0B63-4B2C-823C-65EBB928E1A2}.Release|x64.ActiveCfg = Release|Any CPU
		{58FC3B20-0B63-4B2C-823C-65EBB928E1A2}.Release|x64.Build.0 = Release|Any CPU
		{58FC3B20-0B63-4B2C-823C-65EBB928E1A2}.Release|x86.ActiveCfg = Release|Any CPU
		{58FC3B20-0B63-4B2C-823C-65EBB928E1A2}.Release|x86.Build.0 = Release|Any CPU
	EndGlobalSection
	GlobalSection(SolutionProperties) = preSolution
		HideSolutionNode = FALSE
	EndGlobalSection
	GlobalSection(ExtensibilityGlobals) = postSolution
		SolutionGuid = {36A9F771-6C9C-4CA1-9AD7-EA86E8A5DFFF}
	EndGlobalSection
EndGlobal
